
Microsoft Visual Studio Solution File, Format Version 12.00
# Visual Studio Version 17
VisualStudioVersion = 17.2.32526.322
MinimumVisualStudioVersion = 10.0.40219.1
Project("{FAE04EC0-301F-11D3-BF4B-00C04F79EFBC}") = "FoodFinder", "FoodFinder\FoodFinder.csproj", "{1BD94520-095E-4793-8DDC-F647E6E66DD2}"
EndProject
Project("{E53339B2-1760-4266-BCC7-CA923CBCF16C}") = "docker-compose", "docker-compose.dcproj", "{37039D6E-8741-4501-9533-2ACE7E69A71D}"
EndProject
Global
	GlobalSection(SolutionConfigurationPlatforms) = preSolution
		Debug|Any CPU = Debug|Any CPU
		Release|Any CPU = Release|Any CPU
	EndGlobalSection
	GlobalSection(ProjectConfigurationPlatforms) = postSolution
		{1BD94520-095E-4793-8DDC-F647E6E66DD2}.Debug|Any CPU.ActiveCfg = Debug|Any CPU
		{1BD94520-095E-4793-8DDC-F647E6E66DD2}.Debug|Any CPU.Build.0 = Debug|Any CPU
		{1BD94520-095E-4793-8DDC-F647E6E66DD2}.Release|Any CPU.ActiveCfg = Release|Any CPU
		{1BD94520-095E-4793-8DDC-F647E6E66DD2}.Release|Any CPU.Build.0 = Release|Any CPU
		{37039D6E-8741-4501-9533-2ACE7E69A71D}.Debug|Any CPU.ActiveCfg = Debug|Any CPU
		{37039D6E-8741-4501-9533-2ACE7E69A71D}.Debug|Any CPU.Build.0 = Debug|Any CPU
		{37039D6E-8741-4501-9533-2ACE7E69A71D}.Release|Any CPU.ActiveCfg = Release|Any CPU
		{37039D6E-8741-4501-9533-2ACE7E69A71D}.Release|Any CPU.Build.0 = Release|Any CPU
	EndGlobalSection
	GlobalSection(SolutionProperties) = preSolution
		HideSolutionNode = FALSE
	EndGlobalSection
	GlobalSection(ExtensibilityGlobals) = postSolution
		SolutionGuid = {C2E8D9B0-501D-4BA0-BC0C-6D969F0E5730}
	EndGlobalSection
EndGlobal
